
Microsoft Visual Studio Solution File, Format Version 12.00
# Visual Studio Version 16
VisualStudioVersion = 16.0.29215.179
MinimumVisualStudioVersion = 10.0.40219.1
Project("{9A19103F-16F7-4668-BE54-9A1E7A4F7556}") = "IfTask1", "IfTask1\IfTask1.csproj", "{39BB644C-0F61-4835-B978-8D3D224D3AA3}"
EndProject
Project("{FAE04EC0-301F-11D3-BF4B-00C04F79EFBC}") = "IfTask2", "IfTask2\IfTask2.csproj", "{364CBD0C-2BA8-46AA-91DA-733BCA6CAB5E}"
EndProject
Global
	GlobalSection(SolutionConfigurationPlatforms) = preSolution
		Debug|Any CPU = Debug|Any CPU
		Release|Any CPU = Release|Any CPU
	EndGlobalSection
	GlobalSection(ProjectConfigurationPlatforms) = postSolution
		{39BB644C-0F61-4835-B978-8D3D224D3AA3}.Debug|Any CPU.ActiveCfg = Debug|Any CPU
		{39BB644C-0F61-4835-B978-8D3D224D3AA3}.Debug|Any CPU.Build.0 = Debug|Any CPU
		{39BB644C-0F61-4835-B978-8D3D224D3AA3}.Release|Any CPU.ActiveCfg = Release|Any CPU
		{39BB644C-0F61-4835-B978-8D3D224D3AA3}.Release|Any CPU.Build.0 = Release|Any CPU
		{364CBD0C-2BA8-46AA-91DA-733BCA6CAB5E}.Debug|Any CPU.ActiveCfg = Debug|Any CPU
		{364CBD0C-2BA8-46AA-91DA-733BCA6CAB5E}.Debug|Any CPU.Build.0 = Debug|Any CPU
		{364CBD0C-2BA8-46AA-91DA-733BCA6CAB5E}.Release|Any CPU.ActiveCfg = Release|Any CPU
		{364CBD0C-2BA8-46AA-91DA-733BCA6CAB5E}.Release|Any CPU.Build.0 = Release|Any CPU
	EndGlobalSection
	GlobalSection(SolutionProperties) = preSolution
		HideSolutionNode = FALSE
	EndGlobalSection
	GlobalSection(ExtensibilityGlobals) = postSolution
		SolutionGuid = {35C11337-62D7-4A95-9069-B0EF3EADF6F5}
	EndGlobalSection
EndGlobal
